
Microsoft Visual Studio Solution File, Format Version 12.00
# Visual Studio Version 17
VisualStudioVersion = 17.2.32422.2
MinimumVisualStudioVersion = 10.0.40219.1
Project("{FAE04EC0-301F-11D3-BF4B-00C04F79EFBC}") = "BBMDown", "BBMDown\BBMDown.csproj", "{D1C7FFCC-D8C1-4647-8C6E-B0F903880DA3}"
EndProject
Project("{FAE04EC0-301F-11D3-BF4B-00C04F79EFBC}") = "BBMDownTest", "BBMDownTest\BBMDownTest.csproj", "{E01CBF08-5BBF-438A-9355-3632C4CC25C1}"
EndProject
Global
	GlobalSection(SolutionConfigurationPlatforms) = preSolution
		Debug|Any CPU = Debug|Any CPU
		Release|Any CPU = Release|Any CPU
	EndGlobalSection
	GlobalSection(ProjectConfigurationPlatforms) = postSolution
		{D1C7FFCC-D8C1-4647-8C6E-B0F903880DA3}.Debug|Any CPU.ActiveCfg = Debug|Any CPU
		{D1C7FFCC-D8C1-4647-8C6E-B0F903880DA3}.Debug|Any CPU.Build.0 = Debug|Any CPU
		{D1C7FFCC-D8C1-4647-8C6E-B0F903880DA3}.Release|Any CPU.ActiveCfg = Release|Any CPU
		{D1C7FFCC-D8C1-4647-8C6E-B0F903880DA3}.Release|Any CPU.Build.0 = Release|Any CPU
		{E01CBF08-5BBF-438A-9355-3632C4CC25C1}.Debug|Any CPU.ActiveCfg = Debug|Any CPU
		{E01CBF08-5BBF-438A-9355-3632C4CC25C1}.Debug|Any CPU.Build.0 = Debug|Any CPU
		{E01CBF08-5BBF-438A-9355-3632C4CC25C1}.Release|Any CPU.ActiveCfg = Release|Any CPU
		{E01CBF08-5BBF-438A-9355-3632C4CC25C1}.Release|Any CPU.Build.0 = Release|Any CPU
	EndGlobalSection
	GlobalSection(SolutionProperties) = preSolution
		HideSolutionNode = FALSE
	EndGlobalSection
	GlobalSection(ExtensibilityGlobals) = postSolution
		SolutionGuid = {5D5F8C64-637F-42B7-B44F-C45425C179B3}
	EndGlobalSection
EndGlobal
